// !$*UTF8*$!
{
	archiveVersion = 1;
	classes = {
	};
	objectVersion = 50;
	objects = {

/* Begin PBXBuildFile section */
		C6B287222440F8EA00B57D59 /* AppDelegate.swift in Sources */ = {isa = PBXBuildFile; fileRef = C6B287212440F8EA00B57D59 /* AppDelegate.swift */; };
		C6B287242440F8EA00B57D59 /* SceneDelegate.swift in Sources */ = {isa = PBXBuildFile; fileRef = C6B287232440F8EA00B57D59 /* SceneDelegate.swift */; };
		C6B287262440F8EA00B57D59 /* ViewController.swift in Sources */ = {isa = PBXBuildFile; fileRef = C6B287252440F8EA00B57D59 /* ViewController.swift */; };
		C6B287292440F8EA00B57D59 /* Main.storyboard in Resources */ = {isa = PBXBuildFile; fileRef = C6B287272440F8EA00B57D59 /* Main.storyboard */; };
		C6B2872C2440F8EA00B57D59 /* PhotoJournal.xcdatamodeld in Sources */ = {isa = PBXBuildFile; fileRef = C6B2872A2440F8EA00B57D59 /* PhotoJournal.xcdatamodeld */; };
		C6B2872E2440F8EB00B57D59 /* Assets.xcassets in Resources */ = {isa = PBXBuildFile; fileRef = C6B2872D2440F8EB00B57D59 /* Assets.xcassets */; };
		C6B287312440F8EB00B57D59 /* LaunchScreen.storyboard in Resources */ = {isa = PBXBuildFile; fileRef = C6B2872F2440F8EB00B57D59 /* LaunchScreen.storyboard */; };
		C6B2873C2441005200B57D59 /* Secrets.swift in Sources */ = {isa = PBXBuildFile; fileRef = C6B2873B2441005200B57D59 /* Secrets.swift */; };
/* End PBXBuildFile section */

/* Begin PBXFileReference section */
		C6B2871E2440F8EA00B57D59 /* PhotoJournal.app */ = {isa = PBXFileReference; explicitFileType = wrapper.application; includeInIndex = 0; path = PhotoJournal.app; sourceTree = BUILT_PRODUCTS_DIR; };
		C6B287212440F8EA00B57D59 /* AppDelegate.swift */ = {isa = PBXFileReference; lastKnownFileType = sourcecode.swift; path = AppDelegate.swift; sourceTree = "<group>"; };
		C6B287232440F8EA00B57D59 /* SceneDelegate.swift */ = {isa = PBXFileReference; lastKnownFileType = sourcecode.swift; path = SceneDelegate.swift; sourceTree = "<group>"; };
		C6B287252440F8EA00B57D59 /* ViewController.swift */ = {isa = PBXFileReference; lastKnownFileType = sourcecode.swift; path = ViewController.swift; sourceTree = "<group>"; };
		C6B287282440F8EA00B57D59 /* Base */ = {isa = PBXFileReference; lastKnownFileType = file.storyboard; name = Base; path = Base.lproj/Main.storyboard; sourceTree = "<group>"; };
		C6B2872B2440F8EA00B57D59 /* PhotoJournal.xcdatamodel */ = {isa = PBXFileReference; lastKnownFileType = wrapper.xcdatamodel; path = PhotoJournal.xcdatamodel; sourceTree = "<group>"; };
		C6B2872D2440F8EB00B57D59 /* Assets.xcassets */ = {isa = PBXFileReference; lastKnownFileType = folder.assetcatalog; path = Assets.xcassets; sourceTree = "<group>"; };
		C6B287302440F8EB00B57D59 /* Base */ = {isa = PBXFileReference; lastKnownFileType = file.storyboard; name = Base; path = Base.lproj/LaunchScreen.storyboard; sourceTree = "<group>"; };
		C6B287322440F8EB00B57D59 /* Info.plist */ = {isa = PBXFileReference; lastKnownFileType = text.plist.xml; path = Info.plist; sourceTree = "<group>"; };
		C6B2873B2441005200B57D59 /* Secrets.swift */ = {isa = PBXFileReference; lastKnownFileType = sourcecode.swift; path = Secrets.swift; sourceTree = "<group>"; };
/* End PBXFileReference section */

/* Begin PBXFrameworksBuildPhase section */
		C6B2871B2440F8EA00B57D59 /* Frameworks */ = {
			isa = PBXFrameworksBuildPhase;
			buildActionMask = 2147483647;
			files = (
			);
			runOnlyForDeploymentPostprocessing = 0;
		};
/* End PBXFrameworksBuildPhase section */

/* Begin PBXGroup section */
		C6B287152440F8EA00B57D59 = {
			isa = PBXGroup;
			children = (
				C6B287202440F8EA00B57D59 /* PhotoJournal */,
				C6B2871F2440F8EA00B57D59 /* Products */,
			);
			sourceTree = "<group>";
		};
		C6B2871F2440F8EA00B57D59 /* Products */ = {
			isa = PBXGroup;
			children = (
				C6B2871E2440F8EA00B57D59 /* PhotoJournal.app */,
			);
			name = Products;
			sourceTree = "<group>";
		};
		C6B287202440F8EA00B57D59 /* PhotoJournal */ = {
			isa = PBXGroup;
			children = (
				C6B2873B2441005200B57D59 /* Secrets.swift */,
				C6B287212440F8EA00B57D59 /* AppDelegate.swift */,
				C6B287232440F8EA00B57D59 /* SceneDelegate.swift */,
				C6B287252440F8EA00B57D59 /* ViewController.swift */,
				C6B287272440F8EA00B57D59 /* Main.storyboard */,
				C6B2872D2440F8EB00B57D59 /* Assets.xcassets */,
				C6B2872F2440F8EB00B57D59 /* LaunchScreen.storyboard */,
				C6B287322440F8EB00B57D59 /* Info.plist */,
				C6B2872A2440F8EA00B57D59 /* PhotoJournal.xcdatamodeld */,
			);
			path = PhotoJournal;
			sourceTree = "<group>";
		};
/* End PBXGroup section */

/* Begin PBXNativeTarget section */
		C6B2871D2440F8EA00B57D59 /* PhotoJournal */ = {
			isa = PBXNativeTarget;
			buildConfigurationList = C6B287352440F8EB00B57D59 /* Build configuration list for PBXNativeTarget "PhotoJournal" */;
			buildPhases = (
				C6B2871A2440F8EA00B57D59 /* Sources */,
				C6B2871B2440F8EA00B57D59 /* Frameworks */,
				C6B2871C2440F8EA00B57D59 /* Resources */,
			);
			buildRules = (
			);
			dependencies = (
			);
			name = PhotoJournal;
			productName = PhotoJournal;
			productReference = C6B2871E2440F8EA00B57D59 /* PhotoJournal.app */;
			productType = "com.apple.product-type.application";
		};
/* End PBXNativeTarget section */

/* Begin PBXProject section */
		C6B287162440F8EA00B57D59 /* Project object */ = {
			isa = PBXProject;
			attributes = {
				LastSwiftUpdateCheck = 1140;
				LastUpgradeCheck = 1140;
				ORGANIZATIONNAME = "casandra grullon";
				TargetAttributes = {
					C6B2871D2440F8EA00B57D59 = {
						CreatedOnToolsVersion = 11.4;
					};
				};
			};
			buildConfigurationList = C6B287192440F8EA00B57D59 /* Build configuration list for PBXProject "PhotoJournal" */;
			compatibilityVersion = "Xcode 9.3";
			developmentRegion = en;
			hasScannedForEncodings = 0;
			knownRegions = (
				en,
				Base,
			);
			mainGroup = C6B287152440F8EA00B57D59;
			productRefGroup = C6B2871F2440F8EA00B57D59 /* Products */;
			projectDirPath = "";
			projectRoot = "";
			targets = (
				C6B2871D2440F8EA00B57D59 /* PhotoJournal */,
			);
		};
/* End PBXProject section */

/* Begin PBXResourcesBuildPhase section */
		C6B2871C2440F8EA00B57D59 /* Resources */ = {
			isa = PBXResourcesBuildPhase;
			buildActionMask = 2147483647;
			files = (
				C6B287312440F8EB00B57D59 /* LaunchScreen.storyboard in Resources */,
				C6B2872E2440F8EB00B57D59 /* Assets.xcassets in Resources */,
				C6B287292440F8EA00B57D59 /* Main.storyboard in Resources */,
			);
			runOnlyForDeploymentPostprocessing = 0;
		};
/* End PBXResourcesBuildPhase section */

/* Begin PBXSourcesBuildPhase section */
		C6B2871A2440F8EA00B57D59 /* Sources */ = {
			isa = PBXSourcesBuildPhase;
			buildActionMask = 2147483647;
			files = (
				C6B287262440F8EA00B57D59 /* ViewController.swift in Sources */,
				C6B2873C2441005200B57D59 /* Secrets.swift in Sources */,
				C6B287222440F8EA00B57D59 /* AppDelegate.swift in Sources */,
				C6B2872C2440F8EA00B57D59 /* PhotoJournal.xcdatamodeld in Sources */,
				C6B287242440F8EA00B57D59 /* SceneDelegate.swift in Sources */,
			);
			runOnlyForDeploymentPostprocessing = 0;
		};
/* End PBXSourcesBuildPhase section */

/* Begin PBXVariantGroup section */
		C6B287272440F8EA00B57D59 /* Main.storyboard */ = {
			isa = PBXVariantGroup;
			children = (
				C6B287282440F8EA00B57D59 /* Base */,
			);
			name = Main.storyboard;
			sourceTree = "<group>";
		};
		C6B2872F2440F8EB00B57D59 /* LaunchScreen.storyboard */ = {
			isa = PBXVariantGroup;
			children = (
				C6B287302440F8EB00B57D59 /* Base */,
			);
			name = LaunchScreen.storyboard;
			sourceTree = "<group>";
		};
/* End PBXVariantGroup section */

/* Begin XCBuildConfiguration section */
		C6B287332440F8EB00B57D59 /* Debug */ = {
			isa = XCBuildConfiguration;
			buildSettings = {
				ALWAYS_SEARCH_USER_PATHS = NO;
				CLANG_ANALYZER_NONNULL = YES;
				CLANG_ANALYZER_NUMBER_OBJECT_CONVERSION = YES_AGGRESSIVE;
				CLANG_CXX_LANGUAGE_STANDARD = "gnu++14";
				CLANG_CXX_LIBRARY = "libc++";
				CLANG_ENABLE_MODULES = YES;
				CLANG_ENABLE_OBJC_ARC = YES;
				CLANG_ENABLE_OBJC_WEAK = YES;
				CLANG_WARN_BLOCK_CAPTURE_AUTORELEASING = YES;
				CLANG_WARN_BOOL_CONVERSION = YES;
				CLANG_WARN_COMMA = YES;
				CLANG_WARN_CONSTANT_CONVERSION = YES;
				CLANG_WARN_DEPRECATED_OBJC_IMPLEMENTATIONS = YES;
				CLANG_WARN_DIRECT_OBJC_ISA_USAGE = YES_ERROR;
				CLANG_WARN_DOCUMENTATION_COMMENTS = YES;
				CLANG_WARN_EMPTY_BODY = YES;
				CLANG_WARN_ENUM_CONVERSION = YES;
				CLANG_WARN_INFINITE_RECURSION = YES;
				CLANG_WARN_INT_CONVERSION = YES;
				CLANG_WARN_NON_LITERAL_NULL_CONVERSION = YES;
				CLANG_WARN_OBJC_IMPLICIT_RETAIN_SELF = YES;
				CLANG_WARN_OBJC_LITERAL_CONVERSION = YES;
				CLANG_WARN_OBJC_ROOT_CLASS = YES_ERROR;
				CLANG_WARN_RANGE_LOOP_ANALYSIS = YES;
				CLANG_WARN_STRICT_PROTOTYPES = YES;
				CLANG_WARN_SUSPICIOUS_MOVE = YES;
				CLANG_WARN_UNGUARDED_AVAILABILITY = YES_AGGRESSIVE;
				CLANG_WARN_UNREACHABLE_CODE = YES;
				CLANG_WARN__DUPLICATE_METHOD_MATCH = YES;
				COPY_PHASE_STRIP = NO;
				DEBUG_INFORMATION_FORMAT = dwarf;
				ENABLE_STRICT_OBJC_MSGSEND = YES;
				ENABLE_TESTABILITY = YES;
				GCC_C_LANGUAGE_STANDARD = gnu11;
				GCC_DYNAMIC_NO_PIC = NO;
				GCC_NO_COMMON_BLOCKS = YES;
				GCC_OPTIMIZATION_LEVEL = 0;
				GCC_PREPROCESSOR_DEFINITIONS = (
					"DEBUG=1",
					"$(inherited)",
				);
				GCC_WARN_64_TO_32_BIT_CONVERSION = YES;
				GCC_WARN_ABOUT_RETURN_TYPE = YES_ERROR;
				GCC_WARN_UNDECLARED_SELECTOR = YES;
				GCC_WARN_UNINITIALIZED_AUTOS = YES_AGGRESSIVE;
				GCC_WARN_UNUSED_FUNCTION = YES;
				GCC_WARN_UNUSED_VARIABLE = YES;
				IPHONEOS_DEPLOYMENT_TARGET = 13.4;
				MTL_ENABLE_DEBUG_INFO = INCLUDE_SOURCE;
				MTL_FAST_MATH = YES;
				ONLY_ACTIVE_ARCH = YES;
				SDKROOT = iphoneos;
				SWIFT_ACTIVE_COMPILATION_CONDITIONS = DEBUG;
				SWIFT_OPTIMIZATION_LEVEL = "-Onone";
			};
			name = Debug;
		};
		C6B287342440F8EB00B57D59 /* Release */ = {
			isa = XCBuildConfiguration;
			buildSettings = {
				ALWAYS_SEARCH_USER_PATHS = NO;
				CLANG_ANALYZER_NONNULL = YES;
				CLANG_ANALYZER_NUMBER_OBJECT_CONVERSION = YES_AGGRESSIVE;
				CLANG_CXX_LANGUAGE_STANDARD = "gnu++14";
				CLANG_CXX_LIBRARY = "libc++";
				CLANG_ENABLE_MODULES = YES;
				CLANG_ENABLE_OBJC_ARC = YES;
				CLANG_ENABLE_OBJC_WEAK = YES;
				CLANG_WARN_BLOCK_CAPTURE_AUTORELEASING = YES;
				CLANG_WARN_BOOL_CONVERSION = YES;
				CLANG_WARN_COMMA = YES;
				CLANG_WARN_CONSTANT_CONVERSION = YES;
				CLANG_WARN_DEPRECATED_OBJC_IMPLEMENTATIONS = YES;
				CLANG_WARN_DIRECT_OBJC_ISA_USAGE = YES_ERROR;
				CLANG_WARN_DOCUMENTATION_COMMENTS = YES;
				CLANG_WARN_EMPTY_BODY = YES;
				CLANG_WARN_ENUM_CONVERSION = YES;
				CLANG_WARN_INFINITE_RECURSION = YES;
				CLANG_WARN_INT_CONVERSION = YES;
				CLANG_WARN_NON_LITERAL_NULL_CONVERSION = YES;
				CLANG_WARN_OBJC_IMPLICIT_RETAIN_SELF = YES;
				CLANG_WARN_OBJC_LITERAL_CONVERSION = YES;
				CLANG_WARN_OBJC_ROOT_CLASS = YES_ERROR;
				CLANG_WARN_RANGE_LOOP_ANALYSIS = YES;
				CLANG_WARN_STRICT_PROTOTYPES = YES;
				CLANG_WARN_SUSPICIOUS_MOVE = YES;
				CLANG_WARN_UNGUARDED_AVAILABILITY = YES_AGGRESSIVE;
				CLANG_WARN_UNREACHABLE_CODE = YES;
				CLANG_WARN__DUPLICATE_METHOD_MATCH = YES;
				COPY_PHASE_STRIP = NO;
				DEBUG_INFORMATION_FORMAT = "dwarf-with-dsym";
				ENABLE_NS_ASSERTIONS = NO;
				ENABLE_STRICT_OBJC_MSGSEND = YES;
				GCC_C_LANGUAGE_STANDARD = gnu11;
				GCC_NO_COMMON_BLOCKS = YES;
				GCC_WARN_64_TO_32_BIT_CONVERSION = YES;
				GCC_WARN_ABOUT_RETURN_TYPE = YES_ERROR;
				GCC_WARN_UNDECLARED_SELECTOR = YES;
				GCC_WARN_UNINITIALIZED_AUTOS = YES_AGGRESSIVE;
				GCC_WARN_UNUSED_FUNCTION = YES;
				GCC_WARN_UNUSED_VARIABLE = YES;
				IPHONEOS_DEPLOYMENT_TARGET = 13.4;
				MTL_ENABLE_DEBUG_INFO = NO;
				MTL_FAST_MATH = YES;
				SDKROOT = iphoneos;
				SWIFT_COMPILATION_MODE = wholemodule;
				SWIFT_OPTIMIZATION_LEVEL = "-O";
				VALIDATE_PRODUCT = YES;
			};
			name = Release;
		};
		C6B287362440F8EB00B57D59 /* Debug */ = {
			isa = XCBuildConfiguration;
			buildSettings = {
				ASSETCATALOG_COMPILER_APPICON_NAME = AppIcon;
				CODE_SIGN_STYLE = Automatic;
				DEVELOPMENT_TEAM = JRUP55ZMLQ;
				INFOPLIST_FILE = PhotoJournal/Info.plist;
				LD_RUNPATH_SEARCH_PATHS = (
					"$(inherited)",
					"@executable_path/Frameworks",
				);
				PRODUCT_BUNDLE_IDENTIFIER = com.casandragrullon.PhotoJournal;
				PRODUCT_NAME = "$(TARGET_NAME)";
				SWIFT_VERSION = 5.0;
				TARGETED_DEVICE_FAMILY = "1,2";
			};
			name = Debug;
		};
		C6B287372440F8EB00B57D59 /* Release */ = {
			isa = XCBuildConfiguration;
			buildSettings = {
				ASSETCATALOG_COMPILER_APPICON_NAME = AppIcon;
				CODE_SIGN_STYLE = Automatic;
				DEVELOPMENT_TEAM = JRUP55ZMLQ;
				INFOPLIST_FILE = PhotoJournal/Info.plist;
				LD_RUNPATH_SEARCH_PATHS = (
					"$(inherited)",
					"@executable_path/Frameworks",
				);
				PRODUCT_BUNDLE_IDENTIFIER = com.casandragrullon.PhotoJournal;
				PRODUCT_NAME = "$(TARGET_NAME)";
				SWIFT_VERSION = 5.0;
				TARGETED_DEVICE_FAMILY = "1,2";
			};
			name = Release;
		};
/* End XCBuildConfiguration section */

/* Begin XCConfigurationList section */
		C6B287192440F8EA00B57D59 /* Build configuration list for PBXProject "PhotoJournal" */ = {
			isa = XCConfigurationList;
			buildConfigurations = (
				C6B287332440F8EB00B57D59 /* Debug */,
				C6B287342440F8EB00B57D59 /* Release */,
			);
			defaultConfigurationIsVisible = 0;
			defaultConfigurationName = Release;
		};
		C6B287352440F8EB00B57D59 /* Build configuration list for PBXNativeTarget "PhotoJournal" */ = {
			isa = XCConfigurationList;
			buildConfigurations = (
				C6B287362440F8EB00B57D59 /* Debug */,
				C6B287372440F8EB00B57D59 /* Release */,
			);
			defaultConfigurationIsVisible = 0;
			defaultConfigurationName = Release;
		};
/* End XCConfigurationList section */

/* Begin XCVersionGroup section */
		C6B2872A2440F8EA00B57D59 /* PhotoJournal.xcdatamodeld */ = {
			isa = XCVersionGroup;
			children = (
				C6B2872B2440F8EA00B57D59 /* PhotoJournal.xcdatamodel */,
			);
			currentVersion = C6B2872B2440F8EA00B57D59 /* PhotoJournal.xcdatamodel */;
			path = PhotoJournal.xcdatamodeld;
			sourceTree = "<group>";
			versionGroupType = wrapper.xcdatamodel;
		};
/* End XCVersionGroup section */
	};
	rootObject = C6B287162440F8EA00B57D59 /* Project object */;
}
